PODS:
  - Alamofire (5.0.0-rc.3)
  - AliAuthSDK (2.0.0.3)
  - AlibcTradeSDK (4.0.0.7)
  - AliLinkPartnerSDK (4.0.0.24)
  - BCUserTrack (5.2.0.11-appkeys):
    - UTDID
  - CocoaLumberjack/Core (3.6.0)
  - CocoaLumberjack/Swift (3.6.0):
    - CocoaLumberjack/Core
  - DropDown (2.3.13)
  - Hero (1.5.0)
  - KafkaRefresh (1.4.7):
    - KafkaRefresh/Category (= 1.4.7)
    - KafkaRefresh/Configuration (= 1.4.7)
    - KafkaRefresh/Core (= 1.4.7)
    - KafkaRefresh/Default (= 1.4.7)
    - KafkaRefresh/Style (= 1.4.7)
    - KafkaRefresh/UIKit (= 1.4.7)
  - KafkaRefresh/Category (1.4.7)
  - KafkaRefresh/Configuration (1.4.7):
    - KafkaRefresh/UIKit/FootKit
    - KafkaRefresh/UIKit/HeadKit
  - KafkaRefresh/Core (1.4.7):
    - KafkaRefresh/Category
  - KafkaRefresh/Default (1.4.7):
    - KafkaRefresh/Style
  - KafkaRefresh/Style (1.4.7)
  - KafkaRefresh/UIKit (1.4.7):
    - KafkaRefresh/UIKit/FootKit (= 1.4.7)
    - KafkaRefresh/UIKit/HeadKit (= 1.4.7)
    - KafkaRefresh/UIKit/LayerKit (= 1.4.7)
  - KafkaRefresh/UIKit/FootKit (1.4.7):
    - KafkaRefresh/Category
    - KafkaRefresh/Core
    - KafkaRefresh/Default
    - KafkaRefresh/Style
    - KafkaRefresh/UIKit/LayerKit
  - KafkaRefresh/UIKit/HeadKit (1.4.7):
    - KafkaRefresh/Category
    - KafkaRefresh/Core
    - KafkaRefresh/Default
    - KafkaRefresh/Style
    - KafkaRefresh/UIKit/LayerKit
  - KafkaRefresh/UIKit/LayerKit (1.4.7):
    - KafkaRefresh/Category
    - KafkaRefresh/Default
  - Kingfisher (5.9.0):
    - Kingfisher/Core (= 5.9.0)
  - Kingfisher/Core (5.9.0)
  - Moya/Core (14.0.0-beta.5):
    - Alamofire (= 5.0.0-rc.3)
  - Moya/RxSwift (14.0.0-beta.5):
    - Moya/Core
    - RxSwift (~> 5.0)
  - mtopSDK (3.0.0.4)
  - "NSObject+Rx (5.0.2)":
    - RxSwift (~> 5.0)
  - NVActivityIndicatorView (4.8.0):
    - NVActivityIndicatorView/Presenter (= 4.8.0)
  - NVActivityIndicatorView/Presenter (4.8.0)
  - ObjectMapper (3.5.1)
  - R.swift (5.1.0):
    - R.swift.Library (~> 5.1.0)
  - R.swift.Library (5.1.0)
  - RAMAnimatedTabBarController (5.1.0)
  - RxCocoa (5.0.1):
    - RxRelay (~> 5)
    - RxSwift (~> 5)
  - RxRelay (5.0.1):
    - RxSwift (~> 5)
  - RxSwift (5.0.1)
  - RxTheme (4.0.0):
    - RxCocoa (~> 5.0)
    - RxSwift (~> 5.0)
  - securityGuard (5.4.173)
  - SnapKit (5.0.1)
  - SwifterSwift (5.1.0):
    - SwifterSwift/AppKit (= 5.1.0)
    - SwifterSwift/CoreGraphics (= 5.1.0)
    - SwifterSwift/CoreLocation (= 5.1.0)
    - SwifterSwift/Dispatch (= 5.1.0)
    - SwifterSwift/Foundation (= 5.1.0)
    - SwifterSwift/MapKit (= 5.1.0)
    - SwifterSwift/SceneKit (= 5.1.0)
    - SwifterSwift/SpriteKit (= 5.1.0)
    - SwifterSwift/SwiftStdlib (= 5.1.0)
    - SwifterSwift/UIKit (= 5.1.0)
  - SwifterSwift/AppKit (5.1.0)
  - SwifterSwift/CoreGraphics (5.1.0)
  - SwifterSwift/CoreLocation (5.1.0)
  - SwifterSwift/Dispatch (5.1.0)
  - SwifterSwift/Foundation (5.1.0)
  - SwifterSwift/MapKit (5.1.0)
  - SwifterSwift/SceneKit (5.1.0)
  - SwifterSwift/SpriteKit (5.1.0)
  - SwifterSwift/SwiftStdlib (5.1.0)
  - SwifterSwift/UIKit (5.1.0)
  - Toast-Swift (5.0.0)
  - UTDID (1.1.0.16)

DEPENDENCIES:
  - AliAuthSDK
  - AlibcTradeSDK
  - AliLinkPartnerSDK (= 4.0.0.24)
  - BCUserTrack (= 5.2.0.11-appkeys)
  - CocoaLumberjack/Swift
  - DropDown
  - Hero
  - KafkaRefresh
  - Kingfisher
  - Moya/RxSwift (= 14.0.0-beta.5)
  - mtopSDK (= 3.0.0.4)
  - "NSObject+Rx"
  - NVActivityIndicatorView
  - ObjectMapper
  - R.swift
  - RAMAnimatedTabBarController
  - RxCocoa
  - RxSwift
  - RxTheme
  - securityGuard (= 5.4.173)
  - SnapKit
  - SwifterSwift
  - Toast-Swift
  - UTDID (= 1.1.0.16)

SPEC REPOS:
  http://repo.baichuan-ios.taobao.com/baichuanSDK/AliBCSpecs.git:
    - AliAuthSDK
    - AlibcTradeSDK
    - AliLinkPartnerSDK
    - BCUserTrack
    - mtopSDK
    - securityGuard
    - UTDID
  https://github.com/CocoaPods/Specs.git:
    - Alamofire
    - CocoaLumberjack
    - Moya
    - RAMAnimatedTabBarController
    - RxCocoa
    - RxRelay
    - RxSwift
  trunk:
    - DropDown
    - Hero
    - KafkaRefresh
    - Kingfisher
    - "NSObject+Rx"
    - NVActivityIndicatorView
    - ObjectMapper
    - R.swift
    - R.swift.Library
    - RxTheme
    - SnapKit
    - SwifterSwift
    - Toast-Swift

SPEC CHECKSUMS:
  Alamofire: ca8c0de6906873be89d6deec5c8de279e00bf872
  AliAuthSDK: be6caff0bb645ad663c75f311170b2a3b069780e
  AlibcTradeSDK: 89809210269d041ed6f3385f6ed596e53e997c4a
  AliLinkPartnerSDK: c5778cdfdcee7bfe342238d39a77766184d36a46
  BCUserTrack: f267dfb52a6e67603c33668f2e9384ee01b68a88
  CocoaLumberjack: 78b0c238666f4f58db069738ec176f4519557516
  DropDown: 8a2116376c1981888557f72ec2ffc9a5e0e456ec
  Hero: b7385b75e7259da62f4f85462f59a5082d66b058
  KafkaRefresh: a7962ea8f03f384c1b545d8c27ac419aa0d5b055
  Kingfisher: ff98240aebb7302bdc4f1ecd701761030ce18b16
  Moya: 2c16c3fe92eda302070213452281b59198f946d8
  mtopSDK: bf447d4361b0199790e2a2829a1cc0299df71716
  "NSObject+Rx": 2eb2cf51fd1c554118449a7fbc36e4cd620b9e94
  NVActivityIndicatorView: d24b7ebcf80af5dcd994adb650e2b6c93379270f
  ObjectMapper: 70187b8941977c62ccfb423caf6b50be405cabf0
  R.swift: 8cbc4fc69b740305b6a17c8a8ed968eb788962d9
  R.swift.Library: fa85ce1e0d0b7e818cd9e080df910ba54d2776cc
  RAMAnimatedTabBarController: b5c821298071fded801532216ad8a24394f89859
  RxCocoa: e741b9749968e8a143e2b787f1dfbff2b63d0a5c
  RxRelay: 89d54507f4fd4d969e6ec1d4bd7f3673640b4640
  RxSwift: e2dc62b366a3adf6a0be44ba9f405efd4c94e0c4
  RxTheme: 0b642f47c7d197a803c6b9c083964188c34f7ddb
  securityGuard: 35d3a1b5877bb2de4698a78089eb8906fa3ad27b
  SnapKit: 97b92857e3df3a0c71833cce143274bf6ef8e5eb
  SwifterSwift: a9e8e144832638c2850b43da5feaf9598c6ad65b
  Toast-Swift: 36f4720243c8582c2be243a60a51e193c761f541
  UTDID: c28855683c5ea2e77e597cb14609328f7d470d6e

PODFILE CHECKSUM: 321512e406e2d05e0f4116d7dfd06c7d36839ef0

COCOAPODS: 1.8.4
