// !$*UTF8*$!
{
	archiveVersion = 1;
	classes = {
	};
	objectVersion = 51;
	objects = {

/* Begin PBXBuildFile section */
		040422EF237D494B00DC2614 /* LMTabBarViewModel.swift in Sources */ = {isa = PBXBuildFile; fileRef = 040422EE237D494B00DC2614 /* LMTabBarViewModel.swift */; };
		040422F1237D49B800DC2614 /* LMTabBarItem.swift in Sources */ = {isa = PBXBuildFile; fileRef = 040422F0237D49B800DC2614 /* LMTabBarItem.swift */; };
		040422F7237D4CA100DC2614 /* LoginViewModel.swift in Sources */ = {isa = PBXBuildFile; fileRef = 040422F6237D4CA100DC2614 /* LoginViewModel.swift */; };
		040422FA237D4CDB00DC2614 /* IndexViewModel.swift in Sources */ = {isa = PBXBuildFile; fileRef = 040422F9237D4CDB00DC2614 /* IndexViewModel.swift */; };
		040422FC237D4D6500DC2614 /* Navigator.swift in Sources */ = {isa = PBXBuildFile; fileRef = 040422FB237D4D6500DC2614 /* Navigator.swift */; };
		04196732237D05FE0070C5B9 /* LaunchViewController.swift in Sources */ = {isa = PBXBuildFile; fileRef = 04196731237D05FE0070C5B9 /* LaunchViewController.swift */; };
		04196734237D07800070C5B9 /* Helper.swift in Sources */ = {isa = PBXBuildFile; fileRef = 04196733237D07800070C5B9 /* Helper.swift */; };
		04196737237D18130070C5B9 /* VoucherAPI.swift in Sources */ = {isa = PBXBuildFile; fileRef = 04196736237D18130070C5B9 /* VoucherAPI.swift */; };
		044DE08C237D546D008E6547 /* LMViewController.swift in Sources */ = {isa = PBXBuildFile; fileRef = 044DE08B237D546D008E6547 /* LMViewController.swift */; };
		045212B1237BF42200D460BF /* CoreMotion.framework in Frameworks */ = {isa = PBXBuildFile; fileRef = 045212B0237BF42200D460BF /* CoreMotion.framework */; };
		045212B3237BF42E00D460BF /* CoreTelephony.framework in Frameworks */ = {isa = PBXBuildFile; fileRef = 045212B2237BF42E00D460BF /* CoreTelephony.framework */; };
		045212B5237BF43A00D460BF /* libsqlite3.tbd in Frameworks */ = {isa = PBXBuildFile; fileRef = 045212B4237BF43A00D460BF /* libsqlite3.tbd */; };
		045212B7237BF44700D460BF /* libc++.tbd in Frameworks */ = {isa = PBXBuildFile; fileRef = 045212B6237BF44700D460BF /* libc++.tbd */; };
		045212B9237BF45100D460BF /* libz.tbd in Frameworks */ = {isa = PBXBuildFile; fileRef = 045212B8237BF45100D460BF /* libz.tbd */; };
		04562E72237BC6A9005F5137 /* AppDelegate.swift in Sources */ = {isa = PBXBuildFile; fileRef = 04562E71237BC6A9005F5137 /* AppDelegate.swift */; };
		04562E79237BC6A9005F5137 /* Main.storyboard in Resources */ = {isa = PBXBuildFile; fileRef = 04562E77237BC6A9005F5137 /* Main.storyboard */; };
		04562E7B237BC6B0005F5137 /* Assets.xcassets in Resources */ = {isa = PBXBuildFile; fileRef = 04562E7A237BC6B0005F5137 /* Assets.xcassets */; };
		04562E7E237BC6B0005F5137 /* LaunchScreen.storyboard in Resources */ = {isa = PBXBuildFile; fileRef = 04562E7C237BC6B0005F5137 /* LaunchScreen.storyboard */; };
		04562E8B237BEFD7005F5137 /* Application.swift in Sources */ = {isa = PBXBuildFile; fileRef = 04562E8A237BEFD7005F5137 /* Application.swift */; };
		04562E8D237BF1DF005F5137 /* yw_1222.jpg in Resources */ = {isa = PBXBuildFile; fileRef = 04562E8C237BF1DF005F5137 /* yw_1222.jpg */; };
		04710065237D2BCF00F2762A /* Networking.swift in Sources */ = {isa = PBXBuildFile; fileRef = 04710064237D2BCF00F2762A /* Networking.swift */; };
		04710067237D317B00F2762A /* Observable+Ex.swift in Sources */ = {isa = PBXBuildFile; fileRef = 04710066237D317B00F2762A /* Observable+Ex.swift */; };
		0471006A237D430C00F2762A /* ViewModel.swift in Sources */ = {isa = PBXBuildFile; fileRef = 04710069237D430C00F2762A /* ViewModel.swift */; };
		0471006D237D438500F2762A /* ActivityIndicator.swift in Sources */ = {isa = PBXBuildFile; fileRef = 0471006C237D438500F2762A /* ActivityIndicator.swift */; };
		04710070237D43B000F2762A /* ErrorTracker.swift in Sources */ = {isa = PBXBuildFile; fileRef = 0471006F237D43B000F2762A /* ErrorTracker.swift */; };
		04B3729D237BFAE5004AD935 /* LogManager.swift in Sources */ = {isa = PBXBuildFile; fileRef = 04B3729C237BFAE5004AD935 /* LogManager.swift */; };
		04B3729F237BFEC0004AD935 /* HelpersManager.swift in Sources */ = {isa = PBXBuildFile; fileRef = 04B3729E237BFEC0004AD935 /* HelpersManager.swift */; };
		04E0EA0B237D56A20052E097 /* LMTableViewController.swift in Sources */ = {isa = PBXBuildFile; fileRef = 04E0EA0A237D56A20052E097 /* LMTableViewController.swift */; };
		04E0EA0D237D57730052E097 /* InitialSplitViewController.swift in Sources */ = {isa = PBXBuildFile; fileRef = 04E0EA0C237D57730052E097 /* InitialSplitViewController.swift */; };
		04E0EA0F237D57CC0052E097 /* LMNavigationController.swift in Sources */ = {isa = PBXBuildFile; fileRef = 04E0EA0E237D57CC0052E097 /* LMNavigationController.swift */; };
		04E0EA11237D588B0052E097 /* SplitViewController.swift in Sources */ = {isa = PBXBuildFile; fileRef = 04E0EA10237D588B0052E097 /* SplitViewController.swift */; };
		04E0EA13237D5D380052E097 /* LMIndexViewController.swift in Sources */ = {isa = PBXBuildFile; fileRef = 04E0EA12237D5D380052E097 /* LMIndexViewController.swift */; };
		534810BBE0D896BE9D132A95 /* Pods_ShoppingVoucher.framework in Frameworks */ = {isa = PBXBuildFile; fileRef = 3E288BFE22D5541A93495CDB /* Pods_ShoppingVoucher.framework */; };
/* End PBXBuildFile section */

/* Begin PBXFileReference section */
		040422EE237D494B00DC2614 /* LMTabBarViewModel.swift */ = {isa = PBXFileReference; lastKnownFileType = sourcecode.swift; path = LMTabBarViewModel.swift; sourceTree = "<group>"; };
		040422F0237D49B800DC2614 /* LMTabBarItem.swift */ = {isa = PBXFileReference; lastKnownFileType = sourcecode.swift; path = LMTabBarItem.swift; sourceTree = "<group>"; };
		040422F6237D4CA100DC2614 /* LoginViewModel.swift */ = {isa = PBXFileReference; lastKnownFileType = sourcecode.swift; path = LoginViewModel.swift; sourceTree = "<group>"; };
		040422F9237D4CDB00DC2614 /* IndexViewModel.swift */ = {isa = PBXFileReference; lastKnownFileType = sourcecode.swift; path = IndexViewModel.swift; sourceTree = "<group>"; };
		040422FB237D4D6500DC2614 /* Navigator.swift */ = {isa = PBXFileReference; lastKnownFileType = sourcecode.swift; path = Navigator.swift; sourceTree = "<group>"; };
		04196731237D05FE0070C5B9 /* LaunchViewController.swift */ = {isa = PBXFileReference; lastKnownFileType = sourcecode.swift; path = LaunchViewController.swift; sourceTree = "<group>"; };
		04196733237D07800070C5B9 /* Helper.swift */ = {isa = PBXFileReference; lastKnownFileType = sourcecode.swift; path = Helper.swift; sourceTree = "<group>"; };
		04196736237D18130070C5B9 /* VoucherAPI.swift */ = {isa = PBXFileReference; lastKnownFileType = sourcecode.swift; path = VoucherAPI.swift; sourceTree = "<group>"; };
		044DE08B237D546D008E6547 /* LMViewController.swift */ = {isa = PBXFileReference; lastKnownFileType = sourcecode.swift; path = LMViewController.swift; sourceTree = "<group>"; };
		045212B0237BF42200D460BF /* CoreMotion.framework */ = {isa = PBXFileReference; lastKnownFileType = wrapper.framework; name = CoreMotion.framework; path = System/Library/Frameworks/CoreMotion.framework; sourceTree = SDKROOT; };
		045212B2237BF42E00D460BF /* CoreTelephony.framework */ = {isa = PBXFileReference; lastKnownFileType = wrapper.framework; name = CoreTelephony.framework; path = System/Library/Frameworks/CoreTelephony.framework; sourceTree = SDKROOT; };
		045212B4237BF43A00D460BF /* libsqlite3.tbd */ = {isa = PBXFileReference; lastKnownFileType = "sourcecode.text-based-dylib-definition"; name = libsqlite3.tbd; path = usr/lib/libsqlite3.tbd; sourceTree = SDKROOT; };
		045212B6237BF44700D460BF /* libc++.tbd */ = {isa = PBXFileReference; lastKnownFileType = "sourcecode.text-based-dylib-definition"; name = "libc++.tbd"; path = "usr/lib/libc++.tbd"; sourceTree = SDKROOT; };
		045212B8237BF45100D460BF /* libz.tbd */ = {isa = PBXFileReference; lastKnownFileType = "sourcecode.text-based-dylib-definition"; name = libz.tbd; path = usr/lib/libz.tbd; sourceTree = SDKROOT; };
		045212BA237BF6CE00D460BF /* SV-Bridging-Header.h */ = {isa = PBXFileReference; lastKnownFileType = sourcecode.c.h; path = "SV-Bridging-Header.h"; sourceTree = "<group>"; };
		04562E6E237BC6A9005F5137 /* ShoppingVoucher.app */ = {isa = PBXFileReference; explicitFileType = wrapper.application; includeInIndex = 0; path = ShoppingVoucher.app; sourceTree = BUILT_PRODUCTS_DIR; };
		04562E71237BC6A9005F5137 /* AppDelegate.swift */ = {isa = PBXFileReference; lastKnownFileType = sourcecode.swift; path = AppDelegate.swift; sourceTree = "<group>"; };
		04562E78237BC6A9005F5137 /* Base */ = {isa = PBXFileReference; lastKnownFileType = file.storyboard; name = Base; path = Base.lproj/Main.storyboard; sourceTree = "<group>"; };
		04562E7A237BC6B0005F5137 /* Assets.xcassets */ = {isa = PBXFileReference; lastKnownFileType = folder.assetcatalog; path = Assets.xcassets; sourceTree = "<group>"; };
		04562E7D237BC6B0005F5137 /* Base */ = {isa = PBXFileReference; lastKnownFileType = file.storyboard; name = Base; path = Base.lproj/LaunchScreen.storyboard; sourceTree = "<group>"; };
		04562E7F237BC6B0005F5137 /* Info.plist */ = {isa = PBXFileReference; lastKnownFileType = text.plist.xml; path = Info.plist; sourceTree = "<group>"; };
		04562E8A237BEFD7005F5137 /* Application.swift */ = {isa = PBXFileReference; lastKnownFileType = sourcecode.swift; path = Application.swift; sourceTree = "<group>"; };
		04562E8C237BF1DF005F5137 /* yw_1222.jpg */ = {isa = PBXFileReference; lastKnownFileType = image.jpeg; path = yw_1222.jpg; sourceTree = "<group>"; };
		04710064237D2BCF00F2762A /* Networking.swift */ = {isa = PBXFileReference; lastKnownFileType = sourcecode.swift; path = Networking.swift; sourceTree = "<group>"; };
		04710066237D317B00F2762A /* Observable+Ex.swift */ = {isa = PBXFileReference; lastKnownFileType = sourcecode.swift; path = "Observable+Ex.swift"; sourceTree = "<group>"; };
		04710069237D430C00F2762A /* ViewModel.swift */ = {isa = PBXFileReference; lastKnownFileType = sourcecode.swift; path = ViewModel.swift; sourceTree = "<group>"; };
		0471006C237D438500F2762A /* ActivityIndicator.swift */ = {isa = PBXFileReference; fileEncoding = 4; lastKnownFileType = sourcecode.swift; path = ActivityIndicator.swift; sourceTree = "<group>"; };
		0471006F237D43B000F2762A /* ErrorTracker.swift */ = {isa = PBXFileReference; fileEncoding = 4; lastKnownFileType = sourcecode.swift; path = ErrorTracker.swift; sourceTree = "<group>"; };
		04B3729C237BFAE5004AD935 /* LogManager.swift */ = {isa = PBXFileReference; lastKnownFileType = sourcecode.swift; path = LogManager.swift; sourceTree = "<group>"; };
		04B3729E237BFEC0004AD935 /* HelpersManager.swift */ = {isa = PBXFileReference; lastKnownFileType = sourcecode.swift; path = HelpersManager.swift; sourceTree = "<group>"; };
		04E0EA0A237D56A20052E097 /* LMTableViewController.swift */ = {isa = PBXFileReference; lastKnownFileType = sourcecode.swift; path = LMTableViewController.swift; sourceTree = "<group>"; };
		04E0EA0C237D57730052E097 /* InitialSplitViewController.swift */ = {isa = PBXFileReference; lastKnownFileType = sourcecode.swift; path = InitialSplitViewController.swift; sourceTree = "<group>"; };
		04E0EA0E237D57CC0052E097 /* LMNavigationController.swift */ = {isa = PBXFileReference; lastKnownFileType = sourcecode.swift; path = LMNavigationController.swift; sourceTree = "<group>"; };
		04E0EA10237D588B0052E097 /* SplitViewController.swift */ = {isa = PBXFileReference; lastKnownFileType = sourcecode.swift; path = SplitViewController.swift; sourceTree = "<group>"; };
		04E0EA12237D5D380052E097 /* LMIndexViewController.swift */ = {isa = PBXFileReference; lastKnownFileType = sourcecode.swift; path = LMIndexViewController.swift; sourceTree = "<group>"; };
		0B6E186B75880723DF43CC80 /* Pods-ShoppingVoucher.debug.xcconfig */ = {isa = PBXFileReference; includeInIndex = 1; lastKnownFileType = text.xcconfig; name = "Pods-ShoppingVoucher.debug.xcconfig"; path = "Target Support Files/Pods-ShoppingVoucher/Pods-ShoppingVoucher.debug.xcconfig"; sourceTree = "<group>"; };
		3E288BFE22D5541A93495CDB /* Pods_ShoppingVoucher.framework */ = {isa = PBXFileReference; explicitFileType = wrapper.framework; includeInIndex = 0; path = Pods_ShoppingVoucher.framework; sourceTree = BUILT_PRODUCTS_DIR; };
		F4822A4C9F460B030E265429 /* Pods-ShoppingVoucher.release.xcconfig */ = {isa = PBXFileReference; includeInIndex = 1; lastKnownFileType = text.xcconfig; name = "Pods-ShoppingVoucher.release.xcconfig"; path = "Target Support Files/Pods-ShoppingVoucher/Pods-ShoppingVoucher.release.xcconfig"; sourceTree = "<group>"; };
/* End PBXFileReference section */

/* Begin PBXFrameworksBuildPhase section */
		04562E6B237BC6A9005F5137 /* Frameworks */ = {
			isa = PBXFrameworksBuildPhase;
			buildActionMask = 2147483647;
			files = (
				045212B9237BF45100D460BF /* libz.tbd in Frameworks */,
				045212B7237BF44700D460BF /* libc++.tbd in Frameworks */,
				045212B5237BF43A00D460BF /* libsqlite3.tbd in Frameworks */,
				045212B3237BF42E00D460BF /* CoreTelephony.framework in Frameworks */,
				045212B1237BF42200D460BF /* CoreMotion.framework in Frameworks */,
				534810BBE0D896BE9D132A95 /* Pods_ShoppingVoucher.framework in Frameworks */,
			);
			runOnlyForDeploymentPostprocessing = 0;
		};
/* End PBXFrameworksBuildPhase section */

/* Begin PBXGroup section */
		040422F2237D4C8C00DC2614 /* Setting */ = {
			isa = PBXGroup;
			children = (
			);
			path = Setting;
			sourceTree = "<group>";
		};
		040422F3237D4C8C00DC2614 /* Login */ = {
			isa = PBXGroup;
			children = (
				040422F6237D4CA100DC2614 /* LoginViewModel.swift */,
			);
			path = Login;
			sourceTree = "<group>";
		};
		040422F4237D4C8C00DC2614 /* Find */ = {
			isa = PBXGroup;
			children = (
			);
			path = Find;
			sourceTree = "<group>";
		};
		040422F5237D4C8C00DC2614 /* Brand */ = {
			isa = PBXGroup;
			children = (
			);
			path = Brand;
			sourceTree = "<group>";
		};
		040422F8237D4CD200DC2614 /* Index */ = {
			isa = PBXGroup;
			children = (
				040422F9237D4CDB00DC2614 /* IndexViewModel.swift */,
				04E0EA12237D5D380052E097 /* LMIndexViewController.swift */,
			);
			path = Index;
			sourceTree = "<group>";
		};
		04196735237D17E40070C5B9 /* Networking */ = {
			isa = PBXGroup;
			children = (
				04196736237D18130070C5B9 /* VoucherAPI.swift */,
				04710064237D2BCF00F2762A /* Networking.swift */,
			);
			path = Networking;
			sourceTree = "<group>";
		};
		04562E65237BC6A9005F5137 = {
			isa = PBXGroup;
			children = (
				04562E70237BC6A9005F5137 /* ShoppingVoucher */,
				04562E6F237BC6A9005F5137 /* Products */,
				CDC25C24E6900BEB80E25F72 /* Pods */,
				61823824DF58E845F5F13EE6 /* Frameworks */,
			);
			sourceTree = "<group>";
		};
		04562E6F237BC6A9005F5137 /* Products */ = {
			isa = PBXGroup;
			children = (
				04562E6E237BC6A9005F5137 /* ShoppingVoucher.app */,
			);
			name = Products;
			sourceTree = "<group>";
		};
		04562E70237BC6A9005F5137 /* ShoppingVoucher */ = {
			isa = PBXGroup;
			children = (
				04562E89237BEFCC005F5137 /* Application */,
				04562E86237BEF9E005F5137 /* Extension */,
				04562E87237BEF9E005F5137 /* Helper */,
				04562E88237BEF9E005F5137 /* Resource */,
				04562E85237BEF28005F5137 /* Module */,
				04562E71237BC6A9005F5137 /* AppDelegate.swift */,
				04562E77237BC6A9005F5137 /* Main.storyboard */,
				04562E7A237BC6B0005F5137 /* Assets.xcassets */,
				04562E7C237BC6B0005F5137 /* LaunchScreen.storyboard */,
				04562E7F237BC6B0005F5137 /* Info.plist */,
			);
			path = ShoppingVoucher;
			sourceTree = "<group>";
		};
		04562E85237BEF28005F5137 /* Module */ = {
			isa = PBXGroup;
			children = (
				040422F8237D4CD200DC2614 /* Index */,
				040422F5237D4C8C00DC2614 /* Brand */,
				040422F4237D4C8C00DC2614 /* Find */,
				040422F3237D4C8C00DC2614 /* Login */,
				040422F2237D4C8C00DC2614 /* Setting */,
				04710068237D42FE00F2762A /* Main */,
			);
			path = Module;
			sourceTree = "<group>";
		};
		04562E86237BEF9E005F5137 /* Extension */ = {
			isa = PBXGroup;
			children = (
				04710066237D317B00F2762A /* Observable+Ex.swift */,
			);
			path = Extension;
			sourceTree = "<group>";
		};
		04562E87237BEF9E005F5137 /* Helper */ = {
			isa = PBXGroup;
			children = (
				0471006E237D43B000F2762A /* RxErrorTracker */,
				0471006B237D438500F2762A /* RxActivityIndicator */,
				04196735237D17E40070C5B9 /* Networking */,
				045212BA237BF6CE00D460BF /* SV-Bridging-Header.h */,
				04B3729C237BFAE5004AD935 /* LogManager.swift */,
				04B3729E237BFEC0004AD935 /* HelpersManager.swift */,
				04196733237D07800070C5B9 /* Helper.swift */,
			);
			path = Helper;
			sourceTree = "<group>";
		};
		04562E88237BEF9E005F5137 /* Resource */ = {
			isa = PBXGroup;
			children = (
				04562E8C237BF1DF005F5137 /* yw_1222.jpg */,
			);
			path = Resource;
			sourceTree = "<group>";
		};
		04562E89237BEFCC005F5137 /* Application */ = {
			isa = PBXGroup;
			children = (
				04562E8A237BEFD7005F5137 /* Application.swift */,
				040422FB237D4D6500DC2614 /* Navigator.swift */,
				04196731237D05FE0070C5B9 /* LaunchViewController.swift */,
			);
			path = Application;
			sourceTree = "<group>";
		};
		04710068237D42FE00F2762A /* Main */ = {
			isa = PBXGroup;
			children = (
				04710069237D430C00F2762A /* ViewModel.swift */,
				044DE08B237D546D008E6547 /* LMViewController.swift */,
				04E0EA0A237D56A20052E097 /* LMTableViewController.swift */,
				04E0EA0E237D57CC0052E097 /* LMNavigationController.swift */,
				04E0EA0C237D57730052E097 /* InitialSplitViewController.swift */,
				04E0EA10237D588B0052E097 /* SplitViewController.swift */,
				040422F0237D49B800DC2614 /* LMTabBarItem.swift */,
				040422EE237D494B00DC2614 /* LMTabBarViewModel.swift */,
			);
			path = Main;
			sourceTree = "<group>";
		};
		0471006B237D438500F2762A /* RxActivityIndicator */ = {
			isa = PBXGroup;
			children = (
				0471006C237D438500F2762A /* ActivityIndicator.swift */,
			);
			path = RxActivityIndicator;
			sourceTree = "<group>";
		};
		0471006E237D43B000F2762A /* RxErrorTracker */ = {
			isa = PBXGroup;
			children = (
				0471006F237D43B000F2762A /* ErrorTracker.swift */,
			);
			path = RxErrorTracker;
			sourceTree = "<group>";
		};
		61823824DF58E845F5F13EE6 /* Frameworks */ = {
			isa = PBXGroup;
			children = (
				045212B8237BF45100D460BF /* libz.tbd */,
				045212B6237BF44700D460BF /* libc++.tbd */,
				045212B4237BF43A00D460BF /* libsqlite3.tbd */,
				045212B2237BF42E00D460BF /* CoreTelephony.framework */,
				045212B0237BF42200D460BF /* CoreMotion.framework */,
				3E288BFE22D5541A93495CDB /* Pods_ShoppingVoucher.framework */,
			);
			name = Frameworks;
			sourceTree = "<group>";
		};
		CDC25C24E6900BEB80E25F72 /* Pods */ = {
			isa = PBXGroup;
			children = (
				0B6E186B75880723DF43CC80 /* Pods-ShoppingVoucher.debug.xcconfig */,
				F4822A4C9F460B030E265429 /* Pods-ShoppingVoucher.release.xcconfig */,
			);
			path = Pods;
			sourceTree = "<group>";
		};
/* End PBXGroup section */

/* Begin PBXNativeTarget section */
		04562E6D237BC6A9005F5137 /* ShoppingVoucher */ = {
			isa = PBXNativeTarget;
			buildConfigurationList = 04562E82237BC6B0005F5137 /* Build configuration list for PBXNativeTarget "ShoppingVoucher" */;
			buildPhases = (
				17A5B4D5391D350652853C67 /* [CP] Check Pods Manifest.lock */,
				04562E6A237BC6A9005F5137 /* Sources */,
				04562E6B237BC6A9005F5137 /* Frameworks */,
				04562E6C237BC6A9005F5137 /* Resources */,
				17B76EE3C469686408992B03 /* [CP] Embed Pods Frameworks */,
				A37C79F1B328B345F40E3422 /* [CP] Copy Pods Resources */,
			);
			buildRules = (
			);
			dependencies = (
			);
			name = ShoppingVoucher;
			productName = ShoppingVoucher;
			productReference = 04562E6E237BC6A9005F5137 /* ShoppingVoucher.app */;
			productType = "com.apple.product-type.application";
		};
/* End PBXNativeTarget section */

/* Begin PBXProject section */
		04562E66237BC6A9005F5137 /* Project object */ = {
			isa = PBXProject;
			attributes = {
				LastSwiftUpdateCheck = 1110;
				LastUpgradeCheck = 1110;
				ORGANIZATIONNAME = Mac;
				TargetAttributes = {
					04562E6D237BC6A9005F5137 = {
						CreatedOnToolsVersion = 11.1;
					};
				};
			};
			buildConfigurationList = 04562E69237BC6A9005F5137 /* Build configuration list for PBXProject "ShoppingVoucher" */;
			compatibilityVersion = "Xcode 9.3";
			developmentRegion = en;
			hasScannedForEncodings = 0;
			knownRegions = (
				en,
				Base,
			);
			mainGroup = 04562E65237BC6A9005F5137;
			productRefGroup = 04562E6F237BC6A9005F5137 /* Products */;
			projectDirPath = "";
			projectRoot = "";
			targets = (
				04562E6D237BC6A9005F5137 /* ShoppingVoucher */,
			);
		};
/* End PBXProject section */

/* Begin PBXResourcesBuildPhase section */
		04562E6C237BC6A9005F5137 /* Resources */ = {
			isa = PBXResourcesBuildPhase;
			buildActionMask = 2147483647;
			files = (
				04562E8D237BF1DF005F5137 /* yw_1222.jpg in Resources */,
				04562E7E237BC6B0005F5137 /* LaunchScreen.storyboard in Resources */,
				04562E7B237BC6B0005F5137 /* Assets.xcassets in Resources */,
				04562E79237BC6A9005F5137 /* Main.storyboard in Resources */,
			);
			runOnlyForDeploymentPostprocessing = 0;
		};
/* End PBXResourcesBuildPhase section */

/* Begin PBXShellScriptBuildPhase section */
		17A5B4D5391D350652853C67 /* [CP] Check Pods Manifest.lock */ = {
			isa = PBXShellScriptBuildPhase;
			buildActionMask = 2147483647;
			files = (
			);
			inputFileListPaths = (
			);
			inputPaths = (
				"${PODS_PODFILE_DIR_PATH}/Podfile.lock",
				"${PODS_ROOT}/Manifest.lock",
			);
			name = "[CP] Check Pods Manifest.lock";
			outputFileListPaths = (
			);
			outputPaths = (
				"$(DERIVED_FILE_DIR)/Pods-ShoppingVoucher-checkManifestLockResult.txt",
			);
			runOnlyForDeploymentPostprocessing = 0;
			shellPath = /bin/sh;
			shellScript = "diff \"${PODS_PODFILE_DIR_PATH}/Podfile.lock\" \"${PODS_ROOT}/Manifest.lock\" > /dev/null\nif [ $? != 0 ] ; then\n    # print error to STDERR\n    echo \"error: The sandbox is not in sync with the Podfile.lock. Run 'pod install' or update your CocoaPods installation.\" >&2\n    exit 1\nfi\n# This output is used by Xcode 'outputs' to avoid re-running this script phase.\necho \"SUCCESS\" > \"${SCRIPT_OUTPUT_FILE_0}\"\n";
			showEnvVarsInLog = 0;
		};
		17B76EE3C469686408992B03 /* [CP] Embed Pods Frameworks */ = {
			isa = PBXShellScriptBuildPhase;
			buildActionMask = 2147483647;
			files = (
			);
			inputFileListPaths = (
				"${PODS_ROOT}/Target Support Files/Pods-ShoppingVoucher/Pods-ShoppingVoucher-frameworks-${CONFIGURATION}-input-files.xcfilelist",
			);
			name = "[CP] Embed Pods Frameworks";
			outputFileListPaths = (
				"${PODS_ROOT}/Target Support Files/Pods-ShoppingVoucher/Pods-ShoppingVoucher-frameworks-${CONFIGURATION}-output-files.xcfilelist",
			);
			runOnlyForDeploymentPostprocessing = 0;
			shellPath = /bin/sh;
			shellScript = "\"${PODS_ROOT}/Target Support Files/Pods-ShoppingVoucher/Pods-ShoppingVoucher-frameworks.sh\"\n";
			showEnvVarsInLog = 0;
		};
		A37C79F1B328B345F40E3422 /* [CP] Copy Pods Resources */ = {
			isa = PBXShellScriptBuildPhase;
			buildActionMask = 2147483647;
			files = (
			);
			inputFileListPaths = (
				"${PODS_ROOT}/Target Support Files/Pods-ShoppingVoucher/Pods-ShoppingVoucher-resources-${CONFIGURATION}-input-files.xcfilelist",
			);
			name = "[CP] Copy Pods Resources";
			outputFileListPaths = (
				"${PODS_ROOT}/Target Support Files/Pods-ShoppingVoucher/Pods-ShoppingVoucher-resources-${CONFIGURATION}-output-files.xcfilelist",
			);
			runOnlyForDeploymentPostprocessing = 0;
			shellPath = /bin/sh;
			shellScript = "\"${PODS_ROOT}/Target Support Files/Pods-ShoppingVoucher/Pods-ShoppingVoucher-resources.sh\"\n";
			showEnvVarsInLog = 0;
		};
/* End PBXShellScriptBuildPhase section */

/* Begin PBXSourcesBuildPhase section */
		04562E6A237BC6A9005F5137 /* Sources */ = {
			isa = PBXSourcesBuildPhase;
			buildActionMask = 2147483647;
			files = (
				040422EF237D494B00DC2614 /* LMTabBarViewModel.swift in Sources */,
				040422FC237D4D6500DC2614 /* Navigator.swift in Sources */,
				0471006A237D430C00F2762A /* ViewModel.swift in Sources */,
				044DE08C237D546D008E6547 /* LMViewController.swift in Sources */,
				04B3729D237BFAE5004AD935 /* LogManager.swift in Sources */,
				040422FA237D4CDB00DC2614 /* IndexViewModel.swift in Sources */,
				040422F1237D49B800DC2614 /* LMTabBarItem.swift in Sources */,
				04196732237D05FE0070C5B9 /* LaunchViewController.swift in Sources */,
				04E0EA13237D5D380052E097 /* LMIndexViewController.swift in Sources */,
				04E0EA0D237D57730052E097 /* InitialSplitViewController.swift in Sources */,
				04710067237D317B00F2762A /* Observable+Ex.swift in Sources */,
				04B3729F237BFEC0004AD935 /* HelpersManager.swift in Sources */,
				0471006D237D438500F2762A /* ActivityIndicator.swift in Sources */,
				040422F7237D4CA100DC2614 /* LoginViewModel.swift in Sources */,
				04E0EA11237D588B0052E097 /* SplitViewController.swift in Sources */,
				04E0EA0B237D56A20052E097 /* LMTableViewController.swift in Sources */,
				04710065237D2BCF00F2762A /* Networking.swift in Sources */,
				04710070237D43B000F2762A /* ErrorTracker.swift in Sources */,
				04562E8B237BEFD7005F5137 /* Application.swift in Sources */,
				04E0EA0F237D57CC0052E097 /* LMNavigationController.swift in Sources */,
				04196737237D18130070C5B9 /* VoucherAPI.swift in Sources */,
				04562E72237BC6A9005F5137 /* AppDelegate.swift in Sources */,
				04196734237D07800070C5B9 /* Helper.swift in Sources */,
			);
			runOnlyForDeploymentPostprocessing = 0;
		};
/* End PBXSourcesBuildPhase section */

/* Begin PBXVariantGroup section */
		04562E77237BC6A9005F5137 /* Main.storyboard */ = {
			isa = PBXVariantGroup;
			children = (
				04562E78237BC6A9005F5137 /* Base */,
			);
			name = Main.storyboard;
			sourceTree = "<group>";
		};
		04562E7C237BC6B0005F5137 /* LaunchScreen.storyboard */ = {
			isa = PBXVariantGroup;
			children = (
				04562E7D237BC6B0005F5137 /* Base */,
			);
			name = LaunchScreen.storyboard;
			sourceTree = "<group>";
		};
/* End PBXVariantGroup section */

/* Begin XCBuildConfiguration section */
		04562E80237BC6B0005F5137 /* Debug */ = {
			isa = XCBuildConfiguration;
			buildSettings = {
				ALWAYS_SEARCH_USER_PATHS = NO;
				CLANG_ANALYZER_NONNULL = YES;
				CLANG_ANALYZER_NUMBER_OBJECT_CONVERSION = YES_AGGRESSIVE;
				CLANG_CXX_LANGUAGE_STANDARD = "gnu++14";
				CLANG_CXX_LIBRARY = "libc++";
				CLANG_ENABLE_MODULES = YES;
				CLANG_ENABLE_OBJC_ARC = YES;
				CLANG_ENABLE_OBJC_WEAK = YES;
				CLANG_WARN_BLOCK_CAPTURE_AUTORELEASING = YES;
				CLANG_WARN_BOOL_CONVERSION = YES;
				CLANG_WARN_COMMA = YES;
				CLANG_WARN_CONSTANT_CONVERSION = YES;
				CLANG_WARN_DEPRECATED_OBJC_IMPLEMENTATIONS = YES;
				CLANG_WARN_DIRECT_OBJC_ISA_USAGE = YES_ERROR;
				CLANG_WARN_DOCUMENTATION_COMMENTS = YES;
				CLANG_WARN_EMPTY_BODY = YES;
				CLANG_WARN_ENUM_CONVERSION = YES;
				CLANG_WARN_INFINITE_RECURSION = YES;
				CLANG_WARN_INT_CONVERSION = YES;
				CLANG_WARN_NON_LITERAL_NULL_CONVERSION = YES;
				CLANG_WARN_OBJC_IMPLICIT_RETAIN_SELF = YES;
				CLANG_WARN_OBJC_LITERAL_CONVERSION = YES;
				CLANG_WARN_OBJC_ROOT_CLASS = YES_ERROR;
				CLANG_WARN_RANGE_LOOP_ANALYSIS = YES;
				CLANG_WARN_STRICT_PROTOTYPES = YES;
				CLANG_WARN_SUSPICIOUS_MOVE = YES;
				CLANG_WARN_UNGUARDED_AVAILABILITY = YES_AGGRESSIVE;
				CLANG_WARN_UNREACHABLE_CODE = YES;
				CLANG_WARN__DUPLICATE_METHOD_MATCH = YES;
				COPY_PHASE_STRIP = NO;
				DEBUG_INFORMATION_FORMAT = dwarf;
				ENABLE_STRICT_OBJC_MSGSEND = YES;
				ENABLE_TESTABILITY = YES;
				GCC_C_LANGUAGE_STANDARD = gnu11;
				GCC_DYNAMIC_NO_PIC = NO;
				GCC_NO_COMMON_BLOCKS = YES;
				GCC_OPTIMIZATION_LEVEL = 0;
				GCC_PREPROCESSOR_DEFINITIONS = (
					"DEBUG=1",
					"$(inherited)",
				);
				GCC_WARN_64_TO_32_BIT_CONVERSION = YES;
				GCC_WARN_ABOUT_RETURN_TYPE = YES_ERROR;
				GCC_WARN_UNDECLARED_SELECTOR = YES;
				GCC_WARN_UNINITIALIZED_AUTOS = YES_AGGRESSIVE;
				GCC_WARN_UNUSED_FUNCTION = YES;
				GCC_WARN_UNUSED_VARIABLE = YES;
				IPHONEOS_DEPLOYMENT_TARGET = 13.1;
				MTL_ENABLE_DEBUG_INFO = INCLUDE_SOURCE;
				MTL_FAST_MATH = YES;
				ONLY_ACTIVE_ARCH = YES;
				SDKROOT = iphoneos;
				SWIFT_ACTIVE_COMPILATION_CONDITIONS = DEBUG;
				SWIFT_OPTIMIZATION_LEVEL = "-Onone";
			};
			name = Debug;
		};
		04562E81237BC6B0005F5137 /* Release */ = {
			isa = XCBuildConfiguration;
			buildSettings = {
				ALWAYS_SEARCH_USER_PATHS = NO;
				CLANG_ANALYZER_NONNULL = YES;
				CLANG_ANALYZER_NUMBER_OBJECT_CONVERSION = YES_AGGRESSIVE;
				CLANG_CXX_LANGUAGE_STANDARD = "gnu++14";
				CLANG_CXX_LIBRARY = "libc++";
				CLANG_ENABLE_MODULES = YES;
				CLANG_ENABLE_OBJC_ARC = YES;
				CLANG_ENABLE_OBJC_WEAK = YES;
				CLANG_WARN_BLOCK_CAPTURE_AUTORELEASING = YES;
				CLANG_WARN_BOOL_CONVERSION = YES;
				CLANG_WARN_COMMA = YES;
				CLANG_WARN_CONSTANT_CONVERSION = YES;
				CLANG_WARN_DEPRECATED_OBJC_IMPLEMENTATIONS = YES;
				CLANG_WARN_DIRECT_OBJC_ISA_USAGE = YES_ERROR;
				CLANG_WARN_DOCUMENTATION_COMMENTS = YES;
				CLANG_WARN_EMPTY_BODY = YES;
				CLANG_WARN_ENUM_CONVERSION = YES;
				CLANG_WARN_INFINITE_RECURSION = YES;
				CLANG_WARN_INT_CONVERSION = YES;
				CLANG_WARN_NON_LITERAL_NULL_CONVERSION = YES;
				CLANG_WARN_OBJC_IMPLICIT_RETAIN_SELF = YES;
				CLANG_WARN_OBJC_LITERAL_CONVERSION = YES;
				CLANG_WARN_OBJC_ROOT_CLASS = YES_ERROR;
				CLANG_WARN_RANGE_LOOP_ANALYSIS = YES;
				CLANG_WARN_STRICT_PROTOTYPES = YES;
				CLANG_WARN_SUSPICIOUS_MOVE = YES;
				CLANG_WARN_UNGUARDED_AVAILABILITY = YES_AGGRESSIVE;
				CLANG_WARN_UNREACHABLE_CODE = YES;
				CLANG_WARN__DUPLICATE_METHOD_MATCH = YES;
				COPY_PHASE_STRIP = NO;
				DEBUG_INFORMATION_FORMAT = "dwarf-with-dsym";
				ENABLE_NS_ASSERTIONS = NO;
				ENABLE_STRICT_OBJC_MSGSEND = YES;
				GCC_C_LANGUAGE_STANDARD = gnu11;
				GCC_NO_COMMON_BLOCKS = YES;
				GCC_WARN_64_TO_32_BIT_CONVERSION = YES;
				GCC_WARN_ABOUT_RETURN_TYPE = YES_ERROR;
				GCC_WARN_UNDECLARED_SELECTOR = YES;
				GCC_WARN_UNINITIALIZED_AUTOS = YES_AGGRESSIVE;
				GCC_WARN_UNUSED_FUNCTION = YES;
				GCC_WARN_UNUSED_VARIABLE = YES;
				IPHONEOS_DEPLOYMENT_TARGET = 13.1;
				MTL_ENABLE_DEBUG_INFO = NO;
				MTL_FAST_MATH = YES;
				SDKROOT = iphoneos;
				SWIFT_COMPILATION_MODE = wholemodule;
				SWIFT_OPTIMIZATION_LEVEL = "-O";
				VALIDATE_PRODUCT = YES;
			};
			name = Release;
		};
		04562E83237BC6B0005F5137 /* Debug */ = {
			isa = XCBuildConfiguration;
			baseConfigurationReference = 0B6E186B75880723DF43CC80 /* Pods-ShoppingVoucher.debug.xcconfig */;
			buildSettings = {
				ASSETCATALOG_COMPILER_APPICON_NAME = AppIcon;
				CODE_SIGN_STYLE = Automatic;
				ENABLE_BITCODE = NO;
				INFOPLIST_FILE = ShoppingVoucher/Info.plist;
				IPHONEOS_DEPLOYMENT_TARGET = 11.0;
				LD_RUNPATH_SEARCH_PATHS = (
					"$(inherited)",
					"@executable_path/Frameworks",
				);
				OTHER_LDFLAGS = (
					"$(inherited)",
					"-ObjC",
					"-l\"sqlite3\"",
					"-l\"z\"",
					"-framework",
					"\"AlibabaAuthExt\"",
					"-framework",
					"\"AlibabaAuthSDK\"",
					"-framework",
					"\"AlibcLinkPartnerSDK\"",
					"-framework",
					"\"AlibcTradeBiz\"",
					"-framework",
					"\"AlibcTradeSDK\"",
					"-framework",
					"\"CFNetwork\"",
					"-framework",
					"\"CoreFoundation\"",
					"-framework",
					"\"CoreGraphics\"",
					"-framework",
					"\"CoreLocation\"",
					"-framework",
					"\"CoreMotion\"",
					"-framework",
					"\"CoreTelephony\"",
					"-framework",
					"\"Foundation\"",
					"-framework",
					"\"MtopSDK\"",
					"-framework",
					"\"RxCocoa\"",
					"-framework",
					"\"RxRelay\"",
					"-framework",
					"\"RxSwift\"",
					"-framework",
					"\"SGAVMP\"",
					"-framework",
					"\"SGMain\"",
					"-framework",
					"\"SGMiddleTier\"",
					"-framework",
					"\"SGSecurityBody\"",
					"-framework",
					"\"Security\"",
					"-framework",
					"\"SecurityGuardSDK\"",
					"-framework",
					"\"SystemConfiguration\"",
					"-framework",
					"\"UIKit\"",
					"-framework",
					"\"UTDID\"",
					"-framework",
					"\"UTMini\"",
					"-framework",
					"\"mtopcoreopen\"",
					"-framework",
					"\"mtopext\"",
					"-weak_framework",
					"\"AdSupport\"",
					"-lstdc++",
				);
				PRODUCT_BUNDLE_IDENTIFIER = com.LMM.ShoppingVoucher;
				PRODUCT_NAME = "$(TARGET_NAME)";
				SWIFT_OBJC_BRIDGING_HEADER = "ShoppingVoucher/Helper/SV-Bridging-Header.h";
				SWIFT_VERSION = 5.0;
				TARGETED_DEVICE_FAMILY = 1;
			};
			name = Debug;
		};
		04562E84237BC6B0005F5137 /* Release */ = {
			isa = XCBuildConfiguration;
			baseConfigurationReference = F4822A4C9F460B030E265429 /* Pods-ShoppingVoucher.release.xcconfig */;
			buildSettings = {
				ASSETCATALOG_COMPILER_APPICON_NAME = AppIcon;
				CODE_SIGN_STYLE = Automatic;
				ENABLE_BITCODE = NO;
				INFOPLIST_FILE = ShoppingVoucher/Info.plist;
				IPHONEOS_DEPLOYMENT_TARGET = 11.0;
				LD_RUNPATH_SEARCH_PATHS = (
					"$(inherited)",
					"@executable_path/Frameworks",
				);
				OTHER_LDFLAGS = (
					"$(inherited)",
					"-ObjC",
					"-l\"sqlite3\"",
					"-l\"z\"",
					"-framework",
					"\"AlibabaAuthExt\"",
					"-framework",
					"\"AlibabaAuthSDK\"",
					"-framework",
					"\"AlibcLinkPartnerSDK\"",
					"-framework",
					"\"AlibcTradeBiz\"",
					"-framework",
					"\"AlibcTradeSDK\"",
					"-framework",
					"\"CFNetwork\"",
					"-framework",
					"\"CoreFoundation\"",
					"-framework",
					"\"CoreGraphics\"",
					"-framework",
					"\"CoreLocation\"",
					"-framework",
					"\"CoreMotion\"",
					"-framework",
					"\"CoreTelephony\"",
					"-framework",
					"\"Foundation\"",
					"-framework",
					"\"MtopSDK\"",
					"-framework",
					"\"RxCocoa\"",
					"-framework",
					"\"RxRelay\"",
					"-framework",
					"\"RxSwift\"",
					"-framework",
					"\"SGAVMP\"",
					"-framework",
					"\"SGMain\"",
					"-framework",
					"\"SGMiddleTier\"",
					"-framework",
					"\"SGSecurityBody\"",
					"-framework",
					"\"Security\"",
					"-framework",
					"\"SecurityGuardSDK\"",
					"-framework",
					"\"SystemConfiguration\"",
					"-framework",
					"\"UIKit\"",
					"-framework",
					"\"UTDID\"",
					"-framework",
					"\"UTMini\"",
					"-framework",
					"\"mtopcoreopen\"",
					"-framework",
					"\"mtopext\"",
					"-weak_framework",
					"\"AdSupport\"",
					"-lstdc++",
				);
				PRODUCT_BUNDLE_IDENTIFIER = com.LMM.ShoppingVoucher;
				PRODUCT_NAME = "$(TARGET_NAME)";
				SWIFT_OBJC_BRIDGING_HEADER = "ShoppingVoucher/Helper/SV-Bridging-Header.h";
				SWIFT_VERSION = 5.0;
				TARGETED_DEVICE_FAMILY = 1;
			};
			name = Release;
		};
/* End XCBuildConfiguration section */

/* Begin XCConfigurationList section */
		04562E69237BC6A9005F5137 /* Build configuration list for PBXProject "ShoppingVoucher" */ = {
			isa = XCConfigurationList;
			buildConfigurations = (
				04562E80237BC6B0005F5137 /* Debug */,
				04562E81237BC6B0005F5137 /* Release */,
			);
			defaultConfigurationIsVisible = 0;
			defaultConfigurationName = Release;
		};
		04562E82237BC6B0005F5137 /* Build configuration list for PBXNativeTarget "ShoppingVoucher" */ = {
			isa = XCConfigurationList;
			buildConfigurations = (
				04562E83237BC6B0005F5137 /* Debug */,
				04562E84237BC6B0005F5137 /* Release */,
			);
			defaultConfigurationIsVisible = 0;
			defaultConfigurationName = Release;
		};
/* End XCConfigurationList section */
	};
	rootObject = 04562E66237BC6A9005F5137 /* Project object */;
}
